
Microsoft Visual Studio Solution File, Format Version 10.00
# Visual Studio 2008
Project("{F184B08F-C81C-45F6-A57F-5ABD9991F28F}") = "xHotKeys", "xHotKeys\xHotKeys.vbproj", "{1DF96870-B83A-4D1B-952B-8F7D8CBA4167}"
	ProjectSection(ProjectDependencies) = postProject
		{2F310753-31BB-4EE1-9FB9-43CC46140841} = {2F310753-31BB-4EE1-9FB9-43CC46140841}
	EndProjectSection
EndProject
Project("{FAE04EC0-301F-11D3-BF4B-00C04F79EFBC}") = "CoreAudioApi", "CoreAudioApi\CoreAudioApi.csproj", "{9F1076AA-63DF-4128-9C10-FD65E425C783}"
EndProject
Project("{8BC9CEB8-8B4A-11D0-8D11-00A0C91BC942}") = "XHKHook", "XHKHook\XHKHook.vcproj", "{CBCFFC9F-04E7-4394-B452-649895D5AB89}"
EndProject
Project("{8BC9CEB8-8B4A-11D0-8D11-00A0C91BC942}") = "BeholdService", "BeholdService\BeholdService.vcproj", "{2F310753-31BB-4EE1-9FB9-43CC46140841}"
EndProject
Project("{8BC9CEB8-8B4A-11D0-8D11-00A0C91BC942}") = "xHotKeysCore", "xHotKeysCore\xHotKeysCore.vcproj", "{7FAF3C3C-B90D-453B-962C-6F19A3FB1AD1}"
	ProjectSection(ProjectDependencies) = postProject
		{2F310753-31BB-4EE1-9FB9-43CC46140841} = {2F310753-31BB-4EE1-9FB9-43CC46140841}
	EndProjectSection
EndProject
Project("{8BC9CEB8-8B4A-11D0-8D11-00A0C91BC942}") = "xHotKeys-QT", "xHotKeys-QT\xHotKeys-QT.vcproj", "{DD2373FF-A7F6-4D67-A6B0-C37936F12AF2}"
EndProject
Global
	GlobalSection(SolutionConfigurationPlatforms) = preSolution
		Debug|Mixed Platforms = Debug|Mixed Platforms
		Debug|Win32 = Debug|Win32
		Debug|x64 = Debug|x64
		Debug|x86 = Debug|x86
		Release|Mixed Platforms = Release|Mixed Platforms
		Release|Win32 = Release|Win32
		Release|x64 = Release|x64
		Release|x86 = Release|x86
	EndGlobalSection
	GlobalSection(ProjectConfigurationPlatforms) = postSolution
		{1DF96870-B83A-4D1B-952B-8F7D8CBA4167}.Debug|Mixed Platforms.ActiveCfg = Debug|x64
		{1DF96870-B83A-4D1B-952B-8F7D8CBA4167}.Debug|Mixed Platforms.Build.0 = Debug|x64
		{1DF96870-B83A-4D1B-952B-8F7D8CBA4167}.Debug|Win32.ActiveCfg = Debug|x64
		{1DF96870-B83A-4D1B-952B-8F7D8CBA4167}.Debug|Win32.Build.0 = Debug|x64
		{1DF96870-B83A-4D1B-952B-8F7D8CBA4167}.Debug|x64.ActiveCfg = Debug|x64
		{1DF96870-B83A-4D1B-952B-8F7D8CBA4167}.Debug|x64.Build.0 = Debug|x64
		{1DF96870-B83A-4D1B-952B-8F7D8CBA4167}.Debug|x86.ActiveCfg = Debug|x86
		{1DF96870-B83A-4D1B-952B-8F7D8CBA4167}.Debug|x86.Build.0 = Debug|x86
		{1DF96870-B83A-4D1B-952B-8F7D8CBA4167}.Release|Mixed Platforms.ActiveCfg = Release|x64
		{1DF96870-B83A-4D1B-952B-8F7D8CBA4167}.Release|Mixed Platforms.Build.0 = Release|x64
		{1DF96870-B83A-4D1B-952B-8F7D8CBA4167}.Release|Win32.ActiveCfg = Release|x86
		{1DF96870-B83A-4D1B-952B-8F7D8CBA4167}.Release|x64.ActiveCfg = Release|x64
		{1DF96870-B83A-4D1B-952B-8F7D8CBA4167}.Release|x64.Build.0 = Release|x64
		{1DF96870-B83A-4D1B-952B-8F7D8CBA4167}.Release|x86.ActiveCfg = Release|x86
		{1DF96870-B83A-4D1B-952B-8F7D8CBA4167}.Release|x86.Build.0 = Release|x86
		{9F1076AA-63DF-4128-9C10-FD65E425C783}.Debug|Mixed Platforms.ActiveCfg = Debug|x64
		{9F1076AA-63DF-4128-9C10-FD65E425C783}.Debug|Mixed Platforms.Build.0 = Debug|x64
		{9F1076AA-63DF-4128-9C10-FD65E425C783}.Debug|Win32.ActiveCfg = Debug|x64
		{9F1076AA-63DF-4128-9C10-FD65E425C783}.Debug|Win32.Build.0 = Debug|x64
		{9F1076AA-63DF-4128-9C10-FD65E425C783}.Debug|x64.ActiveCfg = Debug|x64
		{9F1076AA-63DF-4128-9C10-FD65E425C783}.Debug|x64.Build.0 = Debug|x64
		{9F1076AA-63DF-4128-9C10-FD65E425C783}.Debug|x86.ActiveCfg = Debug|x86
		{9F1076AA-63DF-4128-9C10-FD65E425C783}.Debug|x86.Build.0 = Debug|x86
		{9F1076AA-63DF-4128-9C10-FD65E425C783}.Release|Mixed Platforms.ActiveCfg = Release|x64
		{9F1076AA-63DF-4128-9C10-FD65E425C783}.Release|Mixed Platforms.Build.0 = Release|x64
		{9F1076AA-63DF-4128-9C10-FD65E425C783}.Release|Win32.ActiveCfg = Release|x64
		{9F1076AA-63DF-4128-9C10-FD65E425C783}.Release|x64.ActiveCfg = Release|x64
		{9F1076AA-63DF-4128-9C10-FD65E425C783}.Release|x64.Build.0 = Release|x64
		{9F1076AA-63DF-4128-9C10-FD65E425C783}.Release|x86.ActiveCfg = Release|x86
		{9F1076AA-63DF-4128-9C10-FD65E425C783}.Release|x86.Build.0 = Release|x86
		{CBCFFC9F-04E7-4394-B452-649895D5AB89}.Debug|Mixed Platforms.ActiveCfg = Debug|x64
		{CBCFFC9F-04E7-4394-B452-649895D5AB89}.Debug|Mixed Platforms.Build.0 = Debug|x64
		{CBCFFC9F-04E7-4394-B452-649895D5AB89}.Debug|Win32.ActiveCfg = Debug|x64
		{CBCFFC9F-04E7-4394-B452-649895D5AB89}.Debug|Win32.Build.0 = Debug|x64
		{CBCFFC9F-04E7-4394-B452-649895D5AB89}.Debug|x64.ActiveCfg = Debug|x64
		{CBCFFC9F-04E7-4394-B452-649895D5AB89}.Debug|x86.ActiveCfg = Debug|Win32
		{CBCFFC9F-04E7-4394-B452-649895D5AB89}.Debug|x86.Build.0 = Debug|Win32
		{CBCFFC9F-04E7-4394-B452-649895D5AB89}.Release|Mixed Platforms.ActiveCfg = Release|Win32
		{CBCFFC9F-04E7-4394-B452-649895D5AB89}.Release|Mixed Platforms.Build.0 = Release|Win32
		{CBCFFC9F-04E7-4394-B452-649895D5AB89}.Release|Win32.ActiveCfg = Release|Win32
		{CBCFFC9F-04E7-4394-B452-649895D5AB89}.Release|Win32.Build.0 = Release|Win32
		{CBCFFC9F-04E7-4394-B452-649895D5AB89}.Release|x64.ActiveCfg = Release|x64
		{CBCFFC9F-04E7-4394-B452-649895D5AB89}.Release|x86.ActiveCfg = Release|x64
		{2F310753-31BB-4EE1-9FB9-43CC46140841}.Debug|Mixed Platforms.ActiveCfg = Debug|Win32
		{2F310753-31BB-4EE1-9FB9-43CC46140841}.Debug|Mixed Platforms.Build.0 = Debug|Win32
		{2F310753-31BB-4EE1-9FB9-43CC46140841}.Debug|Win32.ActiveCfg = Debug|Win32
		{2F310753-31BB-4EE1-9FB9-43CC46140841}.Debug|Win32.Build.0 = Debug|Win32
		{2F310753-31BB-4EE1-9FB9-43CC46140841}.Debug|x64.ActiveCfg = Debug|Win32
		{2F310753-31BB-4EE1-9FB9-43CC46140841}.Debug|x64.Build.0 = Debug|Win32
		{2F310753-31BB-4EE1-9FB9-43CC46140841}.Debug|x86.ActiveCfg = Debug|Win32
		{2F310753-31BB-4EE1-9FB9-43CC46140841}.Debug|x86.Build.0 = Debug|Win32
		{2F310753-31BB-4EE1-9FB9-43CC46140841}.Release|Mixed Platforms.ActiveCfg = Release|Win32
		{2F310753-31BB-4EE1-9FB9-43CC46140841}.Release|Mixed Platforms.Build.0 = Release|Win32
		{2F310753-31BB-4EE1-9FB9-43CC46140841}.Release|Win32.ActiveCfg = Release|Win32
		{2F310753-31BB-4EE1-9FB9-43CC46140841}.Release|Win32.Build.0 = Release|Win32
		{2F310753-31BB-4EE1-9FB9-43CC46140841}.Release|x64.ActiveCfg = Release|Win32
		{2F310753-31BB-4EE1-9FB9-43CC46140841}.Release|x86.ActiveCfg = Release|Win32
		{7FAF3C3C-B90D-453B-962C-6F19A3FB1AD1}.Debug|Mixed Platforms.ActiveCfg = Debug|x64
		{7FAF3C3C-B90D-453B-962C-6F19A3FB1AD1}.Debug|Mixed Platforms.Build.0 = Debug|x64
		{7FAF3C3C-B90D-453B-962C-6F19A3FB1AD1}.Debug|Win32.ActiveCfg = Debug|Win32
		{7FAF3C3C-B90D-453B-962C-6F19A3FB1AD1}.Debug|Win32.Build.0 = Debug|Win32
		{7FAF3C3C-B90D-453B-962C-6F19A3FB1AD1}.Debug|x64.ActiveCfg = Debug|x64
		{7FAF3C3C-B90D-453B-962C-6F19A3FB1AD1}.Debug|x64.Build.0 = Debug|x64
		{7FAF3C3C-B90D-453B-962C-6F19A3FB1AD1}.Debug|x86.ActiveCfg = Debug|Win32
		{7FAF3C3C-B90D-453B-962C-6F19A3FB1AD1}.Debug|x86.Build.0 = Debug|Win32
		{7FAF3C3C-B90D-453B-962C-6F19A3FB1AD1}.Release|Mixed Platforms.ActiveCfg = Release|x64
		{7FAF3C3C-B90D-453B-962C-6F19A3FB1AD1}.Release|Mixed Platforms.Build.0 = Release|x64
		{7FAF3C3C-B90D-453B-962C-6F19A3FB1AD1}.Release|Win32.ActiveCfg = Release|Win32
		{7FAF3C3C-B90D-453B-962C-6F19A3FB1AD1}.Release|Win32.Build.0 = Release|Win32
		{7FAF3C3C-B90D-453B-962C-6F19A3FB1AD1}.Release|x64.ActiveCfg = Release|x64
		{7FAF3C3C-B90D-453B-962C-6F19A3FB1AD1}.Release|x64.Build.0 = Release|x64
		{7FAF3C3C-B90D-453B-962C-6F19A3FB1AD1}.Release|x86.ActiveCfg = Release|x64
		{DD2373FF-A7F6-4D67-A6B0-C37936F12AF2}.Debug|Mixed Platforms.ActiveCfg = Debug|Win32
		{DD2373FF-A7F6-4D67-A6B0-C37936F12AF2}.Debug|Win32.ActiveCfg = Debug|Win32
		{DD2373FF-A7F6-4D67-A6B0-C37936F12AF2}.Debug|Win32.Build.0 = Debug|Win32
		{DD2373FF-A7F6-4D67-A6B0-C37936F12AF2}.Debug|x64.ActiveCfg = Debug|x64
		{DD2373FF-A7F6-4D67-A6B0-C37936F12AF2}.Debug|x86.ActiveCfg = Debug|Win32
		{DD2373FF-A7F6-4D67-A6B0-C37936F12AF2}.Debug|x86.Build.0 = Debug|Win32
		{DD2373FF-A7F6-4D67-A6B0-C37936F12AF2}.Release|Mixed Platforms.ActiveCfg = Release|Win32
		{DD2373FF-A7F6-4D67-A6B0-C37936F12AF2}.Release|Mixed Platforms.Build.0 = Release|Win32
		{DD2373FF-A7F6-4D67-A6B0-C37936F12AF2}.Release|Win32.ActiveCfg = Release|Win32
		{DD2373FF-A7F6-4D67-A6B0-C37936F12AF2}.Release|Win32.Build.0 = Release|Win32
		{DD2373FF-A7F6-4D67-A6B0-C37936F12AF2}.Release|x64.ActiveCfg = Release|Win32
		{DD2373FF-A7F6-4D67-A6B0-C37936F12AF2}.Release|x86.ActiveCfg = Release|Win32
	EndGlobalSection
	GlobalSection(SolutionProperties) = preSolution
		HideSolutionNode = FALSE
	EndGlobalSection
EndGlobal
