
Microsoft Visual Studio Solution File, Format Version 10.00
# Visual Studio 2008
Project("{F184B08F-C81C-45F6-A57F-5ABD9991F28F}") = "xHotKeys", "xHotKeys\xHotKeys.vbproj", "{1DF96870-B83A-4D1B-952B-8F7D8CBA4167}"
	ProjectSection(ProjectDependencies) = postProject
		{61AF9A90-5B32-4375-AFC0-BB7951658039} = {61AF9A90-5B32-4375-AFC0-BB7951658039}
	EndProjectSection
EndProject
Project("{FAE04EC0-301F-11D3-BF4B-00C04F79EFBC}") = "CoreAudioApi", "CoreAudioApi\CoreAudioApi.csproj", "{9F1076AA-63DF-4128-9C10-FD65E425C783}"
EndProject
Project("{8BC9CEB8-8B4A-11D0-8D11-00A0C91BC942}") = "XHKHook", "XHKHook\XHKHook.vcproj", "{CBCFFC9F-04E7-4394-B452-649895D5AB89}"
EndProject
Project("{8BC9CEB8-8B4A-11D0-8D11-00A0C91BC942}") = "Remote", "Remote\Remote.vcproj", "{61AF9A90-5B32-4375-AFC0-BB7951658039}"
EndProject
Global
	GlobalSection(SolutionConfigurationPlatforms) = preSolution
		Debug|Mixed Platforms = Debug|Mixed Platforms
		Debug|Win32 = Debug|Win32
		Debug|x86 = Debug|x86
		Release|Mixed Platforms = Release|Mixed Platforms
		Release|Win32 = Release|Win32
		Release|x86 = Release|x86
	EndGlobalSection
	GlobalSection(ProjectConfigurationPlatforms) = postSolution
		{1DF96870-B83A-4D1B-952B-8F7D8CBA4167}.Debug|Mixed Platforms.ActiveCfg = Debug|x64
		{1DF96870-B83A-4D1B-952B-8F7D8CBA4167}.Debug|Mixed Platforms.Build.0 = Debug|x64
		{1DF96870-B83A-4D1B-952B-8F7D8CBA4167}.Debug|Win32.ActiveCfg = Debug|x64
		{1DF96870-B83A-4D1B-952B-8F7D8CBA4167}.Debug|Win32.Build.0 = Debug|x64
		{1DF96870-B83A-4D1B-952B-8F7D8CBA4167}.Debug|x86.ActiveCfg = Debug|x86
		{1DF96870-B83A-4D1B-952B-8F7D8CBA4167}.Debug|x86.Build.0 = Debug|x86
		{1DF96870-B83A-4D1B-952B-8F7D8CBA4167}.Release|Mixed Platforms.ActiveCfg = Release|x86
		{1DF96870-B83A-4D1B-952B-8F7D8CBA4167}.Release|Mixed Platforms.Build.0 = Release|x86
		{1DF96870-B83A-4D1B-952B-8F7D8CBA4167}.Release|Win32.ActiveCfg = Release|x86
		{1DF96870-B83A-4D1B-952B-8F7D8CBA4167}.Release|x86.ActiveCfg = Release|x86
		{1DF96870-B83A-4D1B-952B-8F7D8CBA4167}.Release|x86.Build.0 = Release|x86
		{9F1076AA-63DF-4128-9C10-FD65E425C783}.Debug|Mixed Platforms.ActiveCfg = Debug|x64
		{9F1076AA-63DF-4128-9C10-FD65E425C783}.Debug|Mixed Platforms.Build.0 = Debug|x64
		{9F1076AA-63DF-4128-9C10-FD65E425C783}.Debug|Win32.ActiveCfg = Debug|x64
		{9F1076AA-63DF-4128-9C10-FD65E425C783}.Debug|Win32.Build.0 = Debug|x64
		{9F1076AA-63DF-4128-9C10-FD65E425C783}.Debug|x86.ActiveCfg = Debug|x86
		{9F1076AA-63DF-4128-9C10-FD65E425C783}.Debug|x86.Build.0 = Debug|x86
		{9F1076AA-63DF-4128-9C10-FD65E425C783}.Release|Mixed Platforms.ActiveCfg = Release|x64
		{9F1076AA-63DF-4128-9C10-FD65E425C783}.Release|Mixed Platforms.Build.0 = Release|x64
		{9F1076AA-63DF-4128-9C10-FD65E425C783}.Release|Win32.ActiveCfg = Release|x64
		{9F1076AA-63DF-4128-9C10-FD65E425C783}.Release|x86.ActiveCfg = Release|x86
		{9F1076AA-63DF-4128-9C10-FD65E425C783}.Release|x86.Build.0 = Release|x86
		{CBCFFC9F-04E7-4394-B452-649895D5AB89}.Debug|Mixed Platforms.ActiveCfg = Debug|x64
		{CBCFFC9F-04E7-4394-B452-649895D5AB89}.Debug|Mixed Platforms.Build.0 = Debug|x64
		{CBCFFC9F-04E7-4394-B452-649895D5AB89}.Debug|Win32.ActiveCfg = Debug|x64
		{CBCFFC9F-04E7-4394-B452-649895D5AB89}.Debug|Win32.Build.0 = Debug|x64
		{CBCFFC9F-04E7-4394-B452-649895D5AB89}.Debug|x86.ActiveCfg = Debug|Win32
		{CBCFFC9F-04E7-4394-B452-649895D5AB89}.Debug|x86.Build.0 = Debug|Win32
		{CBCFFC9F-04E7-4394-B452-649895D5AB89}.Release|Mixed Platforms.ActiveCfg = Release|Win32
		{CBCFFC9F-04E7-4394-B452-649895D5AB89}.Release|Mixed Platforms.Build.0 = Release|Win32
		{CBCFFC9F-04E7-4394-B452-649895D5AB89}.Release|Win32.ActiveCfg = Release|Win32
		{CBCFFC9F-04E7-4394-B452-649895D5AB89}.Release|Win32.Build.0 = Release|Win32
		{CBCFFC9F-04E7-4394-B452-649895D5AB89}.Release|x86.ActiveCfg = Release|x64
		{61AF9A90-5B32-4375-AFC0-BB7951658039}.Debug|Mixed Platforms.ActiveCfg = Debug|Win32
		{61AF9A90-5B32-4375-AFC0-BB7951658039}.Debug|Mixed Platforms.Build.0 = Debug|Win32
		{61AF9A90-5B32-4375-AFC0-BB7951658039}.Debug|Win32.ActiveCfg = Debug|Win32
		{61AF9A90-5B32-4375-AFC0-BB7951658039}.Debug|Win32.Build.0 = Debug|Win32
		{61AF9A90-5B32-4375-AFC0-BB7951658039}.Debug|x86.ActiveCfg = Debug|Win32
		{61AF9A90-5B32-4375-AFC0-BB7951658039}.Debug|x86.Build.0 = Debug|Win32
		{61AF9A90-5B32-4375-AFC0-BB7951658039}.Release|Mixed Platforms.ActiveCfg = Release|Win32
		{61AF9A90-5B32-4375-AFC0-BB7951658039}.Release|Mixed Platforms.Build.0 = Release|Win32
		{61AF9A90-5B32-4375-AFC0-BB7951658039}.Release|Win32.ActiveCfg = Release|Win32
		{61AF9A90-5B32-4375-AFC0-BB7951658039}.Release|Win32.Build.0 = Release|Win32
		{61AF9A90-5B32-4375-AFC0-BB7951658039}.Release|x86.ActiveCfg = Release|Win32
	EndGlobalSection
	GlobalSection(SolutionProperties) = preSolution
		HideSolutionNode = FALSE
	EndGlobalSection
EndGlobal
